
Microsoft Visual Studio Solution File, Format Version 12.00
# Visual Studio 15
VisualStudioVersion = 15.0.28307.168
MinimumVisualStudioVersion = 10.0.40219.1
Project("{9A19103F-16F7-4668-BE54-9A1E7A4F7556}") = "Asymmetric Cryptography", "Asymmetric Cryptography\Asymmetric Cryptography.csproj", "{7684549E-3094-4416-BFA1-5B44E0F84B26}"
EndProject
Project("{2150E333-8FDC-42A3-9474-1A3956D46DE8}") = "Solution Items", "Solution Items", "{F352D1CE-C235-42D1-B9F7-A9FEB8090867}"
	ProjectSection(SolutionItems) = preProject
		.gitattributes = .gitattributes
		.gitignore = .gitignore
		LICENSE = LICENSE
		README.md = README.md
		Sandbox.sln.DotSettings = Sandbox.sln.DotSettings
	EndProjectSection
EndProject
Project("{9A19103F-16F7-4668-BE54-9A1E7A4F7556}") = "Password Hash", "Pashword Hash\Password Hash.csproj", "{8103FD7C-00EE-4EC0-85D3-7022D35885DF}"
EndProject
Project("{9A19103F-16F7-4668-BE54-9A1E7A4F7556}") = "Async Parallel Performance", "Async Parallel Performance\Async Parallel Performance.csproj", "{DBA979B5-B194-4443-A551-DE4E0F1EB4D4}"
EndProject
Project("{9A19103F-16F7-4668-BE54-9A1E7A4F7556}") = "What Runs When", "What Runs When\What Runs When.csproj", "{C56C9880-80D3-4DEB-8020-D68855D2E36F}"
EndProject
Project("{9A19103F-16F7-4668-BE54-9A1E7A4F7556}") = "Encrypt Decrypt", "Encrypt Decrypt\Encrypt Decrypt.csproj", "{89A7414D-50C2-40B1-99BA-97A68F293672}"
EndProject
Project("{9A19103F-16F7-4668-BE54-9A1E7A4F7556}") = "Dapper Json Complex Object Graph", "Dapper Json Complex Object Graph\Dapper Json Complex Object Graph.csproj", "{46BACCE5-0BAE-40BB-B746-9711BD6388E0}"
EndProject
Project("{9A19103F-16F7-4668-BE54-9A1E7A4F7556}") = "Dapper Populate Database", "Dapper Populate Database\Dapper Populate Database.csproj", "{0B8B6E5D-2B90-4B4A-AD05-522A6931CAB1}"
EndProject
Project("{9A19103F-16F7-4668-BE54-9A1E7A4F7556}") = "Dapper Contract", "Dapper Contract\Dapper Contract.csproj", "{306EA230-AD60-4E41-BB7A-36D900BFCC7F}"
EndProject
Project("{9A19103F-16F7-4668-BE54-9A1E7A4F7556}") = "Dapper Client", "Dapper Client\Dapper Client.csproj", "{9350E971-34F1-41BD-9DBB-719B2E1689D0}"
EndProject
Project("{FAE04EC0-301F-11D3-BF4B-00C04F79EFBC}") = "Async Concurrent", "Async Concurrent\Async Concurrent.csproj", "{A2CBB860-A462-4115-8F87-52006B531C8C}"
EndProject
Global
	GlobalSection(SolutionConfigurationPlatforms) = preSolution
		Debug|Any CPU = Debug|Any CPU
		Release|Any CPU = Release|Any CPU
	EndGlobalSection
	GlobalSection(ProjectConfigurationPlatforms) = postSolution
		{7684549E-3094-4416-BFA1-5B44E0F84B26}.Debug|Any CPU.ActiveCfg = Debug|Any CPU
		{7684549E-3094-4416-BFA1-5B44E0F84B26}.Debug|Any CPU.Build.0 = Debug|Any CPU
		{7684549E-3094-4416-BFA1-5B44E0F84B26}.Release|Any CPU.ActiveCfg = Release|Any CPU
		{7684549E-3094-4416-BFA1-5B44E0F84B26}.Release|Any CPU.Build.0 = Release|Any CPU
		{8103FD7C-00EE-4EC0-85D3-7022D35885DF}.Debug|Any CPU.ActiveCfg = Debug|Any CPU
		{8103FD7C-00EE-4EC0-85D3-7022D35885DF}.Debug|Any CPU.Build.0 = Debug|Any CPU
		{8103FD7C-00EE-4EC0-85D3-7022D35885DF}.Release|Any CPU.ActiveCfg = Release|Any CPU
		{8103FD7C-00EE-4EC0-85D3-7022D35885DF}.Release|Any CPU.Build.0 = Release|Any CPU
		{DBA979B5-B194-4443-A551-DE4E0F1EB4D4}.Debug|Any CPU.ActiveCfg = Debug|Any CPU
		{DBA979B5-B194-4443-A551-DE4E0F1EB4D4}.Debug|Any CPU.Build.0 = Debug|Any CPU
		{DBA979B5-B194-4443-A551-DE4E0F1EB4D4}.Release|Any CPU.ActiveCfg = Release|Any CPU
		{DBA979B5-B194-4443-A551-DE4E0F1EB4D4}.Release|Any CPU.Build.0 = Release|Any CPU
		{C56C9880-80D3-4DEB-8020-D68855D2E36F}.Debug|Any CPU.ActiveCfg = Debug|Any CPU
		{C56C9880-80D3-4DEB-8020-D68855D2E36F}.Debug|Any CPU.Build.0 = Debug|Any CPU
		{C56C9880-80D3-4DEB-8020-D68855D2E36F}.Release|Any CPU.ActiveCfg = Release|Any CPU
		{C56C9880-80D3-4DEB-8020-D68855D2E36F}.Release|Any CPU.Build.0 = Release|Any CPU
		{89A7414D-50C2-40B1-99BA-97A68F293672}.Debug|Any CPU.ActiveCfg = Debug|Any CPU
		{89A7414D-50C2-40B1-99BA-97A68F293672}.Debug|Any CPU.Build.0 = Debug|Any CPU
		{89A7414D-50C2-40B1-99BA-97A68F293672}.Release|Any CPU.ActiveCfg = Release|Any CPU
		{89A7414D-50C2-40B1-99BA-97A68F293672}.Release|Any CPU.Build.0 = Release|Any CPU
		{46BACCE5-0BAE-40BB-B746-9711BD6388E0}.Debug|Any CPU.ActiveCfg = Debug|Any CPU
		{46BACCE5-0BAE-40BB-B746-9711BD6388E0}.Debug|Any CPU.Build.0 = Debug|Any CPU
		{46BACCE5-0BAE-40BB-B746-9711BD6388E0}.Release|Any CPU.ActiveCfg = Release|Any CPU
		{46BACCE5-0BAE-40BB-B746-9711BD6388E0}.Release|Any CPU.Build.0 = Release|Any CPU
		{0B8B6E5D-2B90-4B4A-AD05-522A6931CAB1}.Debug|Any CPU.ActiveCfg = Debug|Any CPU
		{0B8B6E5D-2B90-4B4A-AD05-522A6931CAB1}.Debug|Any CPU.Build.0 = Debug|Any CPU
		{0B8B6E5D-2B90-4B4A-AD05-522A6931CAB1}.Release|Any CPU.ActiveCfg = Release|Any CPU
		{0B8B6E5D-2B90-4B4A-AD05-522A6931CAB1}.Release|Any CPU.Build.0 = Release|Any CPU
		{306EA230-AD60-4E41-BB7A-36D900BFCC7F}.Debug|Any CPU.ActiveCfg = Debug|Any CPU
		{306EA230-AD60-4E41-BB7A-36D900BFCC7F}.Debug|Any CPU.Build.0 = Debug|Any CPU
		{306EA230-AD60-4E41-BB7A-36D900BFCC7F}.Release|Any CPU.ActiveCfg = Release|Any CPU
		{306EA230-AD60-4E41-BB7A-36D900BFCC7F}.Release|Any CPU.Build.0 = Release|Any CPU
		{9350E971-34F1-41BD-9DBB-719B2E1689D0}.Debug|Any CPU.ActiveCfg = Debug|Any CPU
		{9350E971-34F1-41BD-9DBB-719B2E1689D0}.Debug|Any CPU.Build.0 = Debug|Any CPU
		{9350E971-34F1-41BD-9DBB-719B2E1689D0}.Release|Any CPU.ActiveCfg = Release|Any CPU
		{9350E971-34F1-41BD-9DBB-719B2E1689D0}.Release|Any CPU.Build.0 = Release|Any CPU
		{A2CBB860-A462-4115-8F87-52006B531C8C}.Debug|Any CPU.ActiveCfg = Debug|Any CPU
		{A2CBB860-A462-4115-8F87-52006B531C8C}.Debug|Any CPU.Build.0 = Debug|Any CPU
		{A2CBB860-A462-4115-8F87-52006B531C8C}.Release|Any CPU.ActiveCfg = Release|Any CPU
		{A2CBB860-A462-4115-8F87-52006B531C8C}.Release|Any CPU.Build.0 = Release|Any CPU
	EndGlobalSection
	GlobalSection(SolutionProperties) = preSolution
		HideSolutionNode = FALSE
	EndGlobalSection
	GlobalSection(ExtensibilityGlobals) = postSolution
		SolutionGuid = {23745BEE-F88F-407A-B92E-5C42326A93E2}
	EndGlobalSection
EndGlobal
