
Microsoft Visual Studio Solution File, Format Version 12.00
# Visual Studio 15
VisualStudioVersion = 15.0.28307.168
MinimumVisualStudioVersion = 10.0.40219.1
Project("{9A19103F-16F7-4668-BE54-9A1E7A4F7556}") = "Asymmetric Cryptography", "Asymmetric Cryptography\Asymmetric Cryptography.csproj", "{7684549E-3094-4416-BFA1-5B44E0F84B26}"
EndProject
Global
	GlobalSection(SolutionConfigurationPlatforms) = preSolution
		Debug|Any CPU = Debug|Any CPU
		Release|Any CPU = Release|Any CPU
	EndGlobalSection
	GlobalSection(ProjectConfigurationPlatforms) = postSolution
		{7684549E-3094-4416-BFA1-5B44E0F84B26}.Debug|Any CPU.ActiveCfg = Debug|Any CPU
		{7684549E-3094-4416-BFA1-5B44E0F84B26}.Debug|Any CPU.Build.0 = Debug|Any CPU
		{7684549E-3094-4416-BFA1-5B44E0F84B26}.Release|Any CPU.ActiveCfg = Release|Any CPU
		{7684549E-3094-4416-BFA1-5B44E0F84B26}.Release|Any CPU.Build.0 = Release|Any CPU
	EndGlobalSection
	GlobalSection(SolutionProperties) = preSolution
		HideSolutionNode = FALSE
	EndGlobalSection
	GlobalSection(ExtensibilityGlobals) = postSolution
		SolutionGuid = {23745BEE-F88F-407A-B92E-5C42326A93E2}
	EndGlobalSection
EndGlobal
